
Microsoft Visual Studio Solution File, Format Version 12.00
# Visual Studio Version 16
VisualStudioVersion = 16.0.29920.165
MinimumVisualStudioVersion = 10.0.40219.1
Project("{FAE04EC0-301F-11D3-BF4B-00C04F79EFBC}") = "InheritanceBookShop", "InheritanceBookShop\InheritanceBookShop.csproj", "{5D6F47E2-D88A-4B2D-B27F-0F2720CEA57E}"
EndProject
Global
	GlobalSection(SolutionConfigurationPlatforms) = preSolution
		Debug|Any CPU = Debug|Any CPU
		Release|Any CPU = Release|Any CPU
	EndGlobalSection
	GlobalSection(ProjectConfigurationPlatforms) = postSolution
		{5D6F47E2-D88A-4B2D-B27F-0F2720CEA57E}.Debug|Any CPU.ActiveCfg = Debug|Any CPU
		{5D6F47E2-D88A-4B2D-B27F-0F2720CEA57E}.Debug|Any CPU.Build.0 = Debug|Any CPU
		{5D6F47E2-D88A-4B2D-B27F-0F2720CEA57E}.Release|Any CPU.ActiveCfg = Release|Any CPU
		{5D6F47E2-D88A-4B2D-B27F-0F2720CEA57E}.Release|Any CPU.Build.0 = Release|Any CPU
	EndGlobalSection
	GlobalSection(SolutionProperties) = preSolution
		HideSolutionNode = FALSE
	EndGlobalSection
	GlobalSection(ExtensibilityGlobals) = postSolution
		SolutionGuid = {71AD267D-4D9B-4F08-BA51-26C258FC8AC8}
	EndGlobalSection
EndGlobal
