
Microsoft Visual Studio Solution File, Format Version 12.00
# Visual Studio Version 16
VisualStudioVersion = 16.0.29920.165
MinimumVisualStudioVersion = 10.0.40219.1
Project("{FAE04EC0-301F-11D3-BF4B-00C04F79EFBC}") = "BeerCounter", "BeerCounter.csproj", "{E8371A3D-726C-46C1-A0EB-4C383CC16C33}"
EndProject
Global
	GlobalSection(SolutionConfigurationPlatforms) = preSolution
		Debug|Any CPU = Debug|Any CPU
		Release|Any CPU = Release|Any CPU
	EndGlobalSection
	GlobalSection(ProjectConfigurationPlatforms) = postSolution
		{E8371A3D-726C-46C1-A0EB-4C383CC16C33}.Debug|Any CPU.ActiveCfg = Debug|Any CPU
		{E8371A3D-726C-46C1-A0EB-4C383CC16C33}.Debug|Any CPU.Build.0 = Debug|Any CPU
		{E8371A3D-726C-46C1-A0EB-4C383CC16C33}.Release|Any CPU.ActiveCfg = Release|Any CPU
		{E8371A3D-726C-46C1-A0EB-4C383CC16C33}.Release|Any CPU.Build.0 = Release|Any CPU
	EndGlobalSection
	GlobalSection(SolutionProperties) = preSolution
		HideSolutionNode = FALSE
	EndGlobalSection
	GlobalSection(ExtensibilityGlobals) = postSolution
		SolutionGuid = {7768D9EC-0B94-4C8E-A7A6-0A95C9E95667}
	EndGlobalSection
EndGlobal
