
Microsoft Visual Studio Solution File, Format Version 12.00
# Visual Studio Version 16
VisualStudioVersion = 16.0.29920.165
MinimumVisualStudioVersion = 10.0.40219.1
Project("{FAE04EC0-301F-11D3-BF4B-00C04F79EFBC}") = "ClassDefiningConstructor", "ClassDefiningConstructor\ClassDefiningConstructor.csproj", "{92D12118-1491-4259-B062-4ADC8B194052}"
EndProject
Global
	GlobalSection(SolutionConfigurationPlatforms) = preSolution
		Debug|Any CPU = Debug|Any CPU
		Release|Any CPU = Release|Any CPU
	EndGlobalSection
	GlobalSection(ProjectConfigurationPlatforms) = postSolution
		{92D12118-1491-4259-B062-4ADC8B194052}.Debug|Any CPU.ActiveCfg = Debug|Any CPU
		{92D12118-1491-4259-B062-4ADC8B194052}.Debug|Any CPU.Build.0 = Debug|Any CPU
		{92D12118-1491-4259-B062-4ADC8B194052}.Release|Any CPU.ActiveCfg = Release|Any CPU
		{92D12118-1491-4259-B062-4ADC8B194052}.Release|Any CPU.Build.0 = Release|Any CPU
	EndGlobalSection
	GlobalSection(SolutionProperties) = preSolution
		HideSolutionNode = FALSE
	EndGlobalSection
	GlobalSection(ExtensibilityGlobals) = postSolution
		SolutionGuid = {E93C3BA9-93AA-40BF-ADE2-2E95FAEA2DA5}
	EndGlobalSection
EndGlobal
