
Microsoft Visual Studio Solution File, Format Version 12.00
# Visual Studio Version 16
VisualStudioVersion = 16.0.29920.165
MinimumVisualStudioVersion = 10.0.40219.1
Project("{FAE04EC0-301F-11D3-BF4B-00C04F79EFBC}") = "UniqueStudentNames", "UniqueStudentNames.csproj", "{02AC3601-F317-47D2-857D-6A4268DF4823}"
EndProject
Global
	GlobalSection(SolutionConfigurationPlatforms) = preSolution
		Debug|Any CPU = Debug|Any CPU
		Release|Any CPU = Release|Any CPU
	EndGlobalSection
	GlobalSection(ProjectConfigurationPlatforms) = postSolution
		{02AC3601-F317-47D2-857D-6A4268DF4823}.Debug|Any CPU.ActiveCfg = Debug|Any CPU
		{02AC3601-F317-47D2-857D-6A4268DF4823}.Debug|Any CPU.Build.0 = Debug|Any CPU
		{02AC3601-F317-47D2-857D-6A4268DF4823}.Release|Any CPU.ActiveCfg = Release|Any CPU
		{02AC3601-F317-47D2-857D-6A4268DF4823}.Release|Any CPU.Build.0 = Release|Any CPU
	EndGlobalSection
	GlobalSection(SolutionProperties) = preSolution
		HideSolutionNode = FALSE
	EndGlobalSection
	GlobalSection(ExtensibilityGlobals) = postSolution
		SolutionGuid = {C2EBC3EA-BBA6-471D-BA0E-33257FCFA66B}
	EndGlobalSection
EndGlobal
