
Microsoft Visual Studio Solution File, Format Version 12.00
# Visual Studio Version 16
VisualStudioVersion = 16.0.29920.165
MinimumVisualStudioVersion = 10.0.40219.1
Project("{9A19103F-16F7-4668-BE54-9A1E7A4F7556}") = "TemperatureConverter", "TemperatureConverter.csproj", "{ED8F0894-57F8-463E-9104-0CB8FB1F523C}"
EndProject
Global
	GlobalSection(SolutionConfigurationPlatforms) = preSolution
		Debug|Any CPU = Debug|Any CPU
		Release|Any CPU = Release|Any CPU
	EndGlobalSection
	GlobalSection(ProjectConfigurationPlatforms) = postSolution
		{ED8F0894-57F8-463E-9104-0CB8FB1F523C}.Debug|Any CPU.ActiveCfg = Debug|Any CPU
		{ED8F0894-57F8-463E-9104-0CB8FB1F523C}.Debug|Any CPU.Build.0 = Debug|Any CPU
		{ED8F0894-57F8-463E-9104-0CB8FB1F523C}.Release|Any CPU.ActiveCfg = Release|Any CPU
		{ED8F0894-57F8-463E-9104-0CB8FB1F523C}.Release|Any CPU.Build.0 = Release|Any CPU
	EndGlobalSection
	GlobalSection(SolutionProperties) = preSolution
		HideSolutionNode = FALSE
	EndGlobalSection
	GlobalSection(ExtensibilityGlobals) = postSolution
		SolutionGuid = {71978CE2-7F6C-46BA-B87F-ADC1E879E32F}
	EndGlobalSection
EndGlobal
